
Microsoft Visual Studio Solution File, Format Version 12.00
# Visual Studio Version 16
VisualStudioVersion = 16.0.30011.22
MinimumVisualStudioVersion = 10.0.40219.1
Project("{2150E333-8FDC-42A3-9474-1A3956D46DE8}") = "Swagger", "Swagger", "{E8463D62-E472-416B-A3A2-9056E9ED1D6B}"
EndProject
Project("{9A19103F-16F7-4668-BE54-9A1E7A4F7556}") = "SwaggerDemo", "SwaggerDemo\SwaggerDemo.csproj", "{4DD98B93-BCA8-4246-BA7B-C8AA191DBC08}"
EndProject
Project("{2150E333-8FDC-42A3-9474-1A3956D46DE8}") = "Configuration", "Configuration", "{A402566E-E75C-4C54-99FF-E8D044CF012E}"
EndProject
Project("{9A19103F-16F7-4668-BE54-9A1E7A4F7556}") = "ConfigDemo", "ConfigDemo\ConfigDemo.csproj", "{FBEAB63D-49DA-4BA1-8FD1-2A3A11835390}"
EndProject
Project("{2150E333-8FDC-42A3-9474-1A3956D46DE8}") = "Serilog", "Serilog", "{10CD217A-B6F8-4EA7-9CEC-0352C28F023F}"
EndProject
Project("{9A19103F-16F7-4668-BE54-9A1E7A4F7556}") = "SerilogDemo", "SerilogDemo\SerilogDemo.csproj", "{EC009792-EAE6-47F5-B70D-4E35E718073D}"
EndProject
Project("{2150E333-8FDC-42A3-9474-1A3956D46DE8}") = "ClientFactory", "ClientFactory", "{7F9625B9-69F2-479A-B2DF-520770F781AC}"
EndProject
Project("{9A19103F-16F7-4668-BE54-9A1E7A4F7556}") = "HttpClientFactoryDemo", "HttpClientFactoryDemo\HttpClientFactoryDemo.csproj", "{68DB8ED5-492E-4CBC-842B-835E3AA64F48}"
EndProject
Project("{2150E333-8FDC-42A3-9474-1A3956D46DE8}") = "MediatR", "MediatR", "{5CC6663A-0A66-494E-9BD3-1AEF3E20F346}"
EndProject
Project("{9A19103F-16F7-4668-BE54-9A1E7A4F7556}") = "MediatRDemo", "MediatRDemo\MediatRDemo.csproj", "{9BC34E92-E692-40DD-942C-915282789BF1}"
EndProject
Project("{2150E333-8FDC-42A3-9474-1A3956D46DE8}") = "ReseEase", "ReseEase", "{BA0FACBD-2AB7-4D8A-9574-678756329019}"
EndProject
Project("{9A19103F-16F7-4668-BE54-9A1E7A4F7556}") = "RestEaseDemo", "RestEaseDemo\RestEaseDemo.csproj", "{8638740E-0E19-4476-A574-2C478B2A66E6}"
EndProject
Project("{2150E333-8FDC-42A3-9474-1A3956D46DE8}") = "Secret", "Secret", "{77B2272F-8756-4943-AC19-57BE69DD9D4C}"
EndProject
Project("{9A19103F-16F7-4668-BE54-9A1E7A4F7556}") = "SecretDemo", "SecretDemo\SecretDemo.csproj", "{C0F5A34C-7AFE-4BB1-9FCB-EB04ED05DCDC}"
EndProject
Project("{2150E333-8FDC-42A3-9474-1A3956D46DE8}") = "Polly", "Polly", "{DB9A0E94-1C39-4999-AEE3-36ABEA9D50D2}"
EndProject
Project("{9A19103F-16F7-4668-BE54-9A1E7A4F7556}") = "PollyDemo", "PollyDemo\PollyDemo.csproj", "{F96C201B-6AA4-4A33-ACD6-12BC4C401410}"
EndProject
Project("{2150E333-8FDC-42A3-9474-1A3956D46DE8}") = "CookiesAuth", "CookiesAuth", "{E7281472-01BD-48C7-9698-A99C975194CF}"
EndProject
Project("{9A19103F-16F7-4668-BE54-9A1E7A4F7556}") = "CookiesDemo", "CookiesDemo\CookiesDemo.csproj", "{76112DF0-C30B-4F3C-BBDB-AFF211770A45}"
EndProject
Project("{2150E333-8FDC-42A3-9474-1A3956D46DE8}") = "Cache", "Cache", "{E0936078-8191-46A2-A1C3-2C86A3905060}"
EndProject
Project("{9A19103F-16F7-4668-BE54-9A1E7A4F7556}") = "CacheDemo", "CacheDemo\CacheDemo.csproj", "{C4717595-FFE5-4648-929B-2F43C7BB34DB}"
EndProject
Project("{2150E333-8FDC-42A3-9474-1A3956D46DE8}") = "ProxyKit", "ProxyKit", "{FD63E243-B628-4809-AF99-9D83189A163D}"
EndProject
Project("{9A19103F-16F7-4668-BE54-9A1E7A4F7556}") = "ProxyKitDemo", "ProxyKitDemo\ProxyKitDemo.csproj", "{55653CA6-9416-48BC-864D-868D3998B3CC}"
EndProject
Project("{2150E333-8FDC-42A3-9474-1A3956D46DE8}") = "Applicationlnsight", "Applicationlnsight", "{20C4BBC3-FDCB-489D-B71B-CF11D66C19C9}"
EndProject
Project("{9A19103F-16F7-4668-BE54-9A1E7A4F7556}") = "AppInsightDemo", "AppInsightDemo\AppInsightDemo.csproj", "{EF2FC2A8-29AE-49BC-ADB2-EC4EBEDA8F23}"
EndProject
Project("{2150E333-8FDC-42A3-9474-1A3956D46DE8}") = "FluentValidation", "FluentValidation", "{B7486C6E-9A38-4EE7-A0B8-C6561B181C90}"
EndProject
Project("{9A19103F-16F7-4668-BE54-9A1E7A4F7556}") = "FluentValidationDemo", "FluentValidationDemo\FluentValidationDemo.csproj", "{023FCB72-458C-42BA-AD37-D6306313E2C8}"
EndProject
Project("{9A19103F-16F7-4668-BE54-9A1E7A4F7556}") = "IdServerHost", "IdentityServer4Demo\QuickStart1\IdServerHost\IdServerHost.csproj", "{370BD9E7-071A-4F1F-B45C-B59716BC494D}"
EndProject
Project("{2150E333-8FDC-42A3-9474-1A3956D46DE8}") = "IdentityServer4", "IdentityServer4", "{EC621FD5-DDC5-4810-850C-D2FF226CF967}"
EndProject
Project("{2150E333-8FDC-42A3-9474-1A3956D46DE8}") = "QuickStart1", "QuickStart1", "{A1AE89C7-EF19-4374-BB5E-8B6DFE90B71B}"
EndProject
Project("{9A19103F-16F7-4668-BE54-9A1E7A4F7556}") = "Api1", "IdentityServer4Demo\QuickStart1\Api1\Api1.csproj", "{258813D3-58F2-4246-AC98-709034D81E64}"
EndProject
Global
	GlobalSection(SolutionConfigurationPlatforms) = preSolution
		Debug|Any CPU = Debug|Any CPU
		Release|Any CPU = Release|Any CPU
	EndGlobalSection
	GlobalSection(ProjectConfigurationPlatforms) = postSolution
		{4DD98B93-BCA8-4246-BA7B-C8AA191DBC08}.Debug|Any CPU.ActiveCfg = Debug|Any CPU
		{4DD98B93-BCA8-4246-BA7B-C8AA191DBC08}.Debug|Any CPU.Build.0 = Debug|Any CPU
		{4DD98B93-BCA8-4246-BA7B-C8AA191DBC08}.Release|Any CPU.ActiveCfg = Release|Any CPU
		{4DD98B93-BCA8-4246-BA7B-C8AA191DBC08}.Release|Any CPU.Build.0 = Release|Any CPU
		{FBEAB63D-49DA-4BA1-8FD1-2A3A11835390}.Debug|Any CPU.ActiveCfg = Debug|Any CPU
		{FBEAB63D-49DA-4BA1-8FD1-2A3A11835390}.Debug|Any CPU.Build.0 = Debug|Any CPU
		{FBEAB63D-49DA-4BA1-8FD1-2A3A11835390}.Release|Any CPU.ActiveCfg = Release|Any CPU
		{FBEAB63D-49DA-4BA1-8FD1-2A3A11835390}.Release|Any CPU.Build.0 = Release|Any CPU
		{EC009792-EAE6-47F5-B70D-4E35E718073D}.Debug|Any CPU.ActiveCfg = Debug|Any CPU
		{EC009792-EAE6-47F5-B70D-4E35E718073D}.Debug|Any CPU.Build.0 = Debug|Any CPU
		{EC009792-EAE6-47F5-B70D-4E35E718073D}.Release|Any CPU.ActiveCfg = Release|Any CPU
		{EC009792-EAE6-47F5-B70D-4E35E718073D}.Release|Any CPU.Build.0 = Release|Any CPU
		{68DB8ED5-492E-4CBC-842B-835E3AA64F48}.Debug|Any CPU.ActiveCfg = Debug|Any CPU
		{68DB8ED5-492E-4CBC-842B-835E3AA64F48}.Debug|Any CPU.Build.0 = Debug|Any CPU
		{68DB8ED5-492E-4CBC-842B-835E3AA64F48}.Release|Any CPU.ActiveCfg = Release|Any CPU
		{68DB8ED5-492E-4CBC-842B-835E3AA64F48}.Release|Any CPU.Build.0 = Release|Any CPU
		{9BC34E92-E692-40DD-942C-915282789BF1}.Debug|Any CPU.ActiveCfg = Debug|Any CPU
		{9BC34E92-E692-40DD-942C-915282789BF1}.Debug|Any CPU.Build.0 = Debug|Any CPU
		{9BC34E92-E692-40DD-942C-915282789BF1}.Release|Any CPU.ActiveCfg = Release|Any CPU
		{9BC34E92-E692-40DD-942C-915282789BF1}.Release|Any CPU.Build.0 = Release|Any CPU
		{8638740E-0E19-4476-A574-2C478B2A66E6}.Debug|Any CPU.ActiveCfg = Debug|Any CPU
		{8638740E-0E19-4476-A574-2C478B2A66E6}.Debug|Any CPU.Build.0 = Debug|Any CPU
		{8638740E-0E19-4476-A574-2C478B2A66E6}.Release|Any CPU.ActiveCfg = Release|Any CPU
		{8638740E-0E19-4476-A574-2C478B2A66E6}.Release|Any CPU.Build.0 = Release|Any CPU
		{C0F5A34C-7AFE-4BB1-9FCB-EB04ED05DCDC}.Debug|Any CPU.ActiveCfg = Debug|Any CPU
		{C0F5A34C-7AFE-4BB1-9FCB-EB04ED05DCDC}.Debug|Any CPU.Build.0 = Debug|Any CPU
		{C0F5A34C-7AFE-4BB1-9FCB-EB04ED05DCDC}.Release|Any CPU.ActiveCfg = Release|Any CPU
		{C0F5A34C-7AFE-4BB1-9FCB-EB04ED05DCDC}.Release|Any CPU.Build.0 = Release|Any CPU
		{F96C201B-6AA4-4A33-ACD6-12BC4C401410}.Debug|Any CPU.ActiveCfg = Debug|Any CPU
		{F96C201B-6AA4-4A33-ACD6-12BC4C401410}.Debug|Any CPU.Build.0 = Debug|Any CPU
		{F96C201B-6AA4-4A33-ACD6-12BC4C401410}.Release|Any CPU.ActiveCfg = Release|Any CPU
		{F96C201B-6AA4-4A33-ACD6-12BC4C401410}.Release|Any CPU.Build.0 = Release|Any CPU
		{76112DF0-C30B-4F3C-BBDB-AFF211770A45}.Debug|Any CPU.ActiveCfg = Debug|Any CPU
		{76112DF0-C30B-4F3C-BBDB-AFF211770A45}.Debug|Any CPU.Build.0 = Debug|Any CPU
		{76112DF0-C30B-4F3C-BBDB-AFF211770A45}.Release|Any CPU.ActiveCfg = Release|Any CPU
		{76112DF0-C30B-4F3C-BBDB-AFF211770A45}.Release|Any CPU.Build.0 = Release|Any CPU
		{C4717595-FFE5-4648-929B-2F43C7BB34DB}.Debug|Any CPU.ActiveCfg = Debug|Any CPU
		{C4717595-FFE5-4648-929B-2F43C7BB34DB}.Debug|Any CPU.Build.0 = Debug|Any CPU
		{C4717595-FFE5-4648-929B-2F43C7BB34DB}.Release|Any CPU.ActiveCfg = Release|Any CPU
		{C4717595-FFE5-4648-929B-2F43C7BB34DB}.Release|Any CPU.Build.0 = Release|Any CPU
		{55653CA6-9416-48BC-864D-868D3998B3CC}.Debug|Any CPU.ActiveCfg = Debug|Any CPU
		{55653CA6-9416-48BC-864D-868D3998B3CC}.Debug|Any CPU.Build.0 = Debug|Any CPU
		{55653CA6-9416-48BC-864D-868D3998B3CC}.Release|Any CPU.ActiveCfg = Release|Any CPU
		{55653CA6-9416-48BC-864D-868D3998B3CC}.Release|Any CPU.Build.0 = Release|Any CPU
		{EF2FC2A8-29AE-49BC-ADB2-EC4EBEDA8F23}.Debug|Any CPU.ActiveCfg = Debug|Any CPU
		{EF2FC2A8-29AE-49BC-ADB2-EC4EBEDA8F23}.Debug|Any CPU.Build.0 = Debug|Any CPU
		{EF2FC2A8-29AE-49BC-ADB2-EC4EBEDA8F23}.Release|Any CPU.ActiveCfg = Release|Any CPU
		{EF2FC2A8-29AE-49BC-ADB2-EC4EBEDA8F23}.Release|Any CPU.Build.0 = Release|Any CPU
		{023FCB72-458C-42BA-AD37-D6306313E2C8}.Debug|Any CPU.ActiveCfg = Debug|Any CPU
		{023FCB72-458C-42BA-AD37-D6306313E2C8}.Debug|Any CPU.Build.0 = Debug|Any CPU
		{023FCB72-458C-42BA-AD37-D6306313E2C8}.Release|Any CPU.ActiveCfg = Release|Any CPU
		{023FCB72-458C-42BA-AD37-D6306313E2C8}.Release|Any CPU.Build.0 = Release|Any CPU
		{370BD9E7-071A-4F1F-B45C-B59716BC494D}.Debug|Any CPU.ActiveCfg = Debug|Any CPU
		{370BD9E7-071A-4F1F-B45C-B59716BC494D}.Debug|Any CPU.Build.0 = Debug|Any CPU
		{370BD9E7-071A-4F1F-B45C-B59716BC494D}.Release|Any CPU.ActiveCfg = Release|Any CPU
		{370BD9E7-071A-4F1F-B45C-B59716BC494D}.Release|Any CPU.Build.0 = Release|Any CPU
		{258813D3-58F2-4246-AC98-709034D81E64}.Debug|Any CPU.ActiveCfg = Debug|Any CPU
		{258813D3-58F2-4246-AC98-709034D81E64}.Debug|Any CPU.Build.0 = Debug|Any CPU
		{258813D3-58F2-4246-AC98-709034D81E64}.Release|Any CPU.ActiveCfg = Release|Any CPU
		{258813D3-58F2-4246-AC98-709034D81E64}.Release|Any CPU.Build.0 = Release|Any CPU
	EndGlobalSection
	GlobalSection(SolutionProperties) = preSolution
		HideSolutionNode = FALSE
	EndGlobalSection
	GlobalSection(NestedProjects) = preSolution
		{4DD98B93-BCA8-4246-BA7B-C8AA191DBC08} = {E8463D62-E472-416B-A3A2-9056E9ED1D6B}
		{FBEAB63D-49DA-4BA1-8FD1-2A3A11835390} = {A402566E-E75C-4C54-99FF-E8D044CF012E}
		{EC009792-EAE6-47F5-B70D-4E35E718073D} = {10CD217A-B6F8-4EA7-9CEC-0352C28F023F}
		{68DB8ED5-492E-4CBC-842B-835E3AA64F48} = {7F9625B9-69F2-479A-B2DF-520770F781AC}
		{9BC34E92-E692-40DD-942C-915282789BF1} = {5CC6663A-0A66-494E-9BD3-1AEF3E20F346}
		{8638740E-0E19-4476-A574-2C478B2A66E6} = {BA0FACBD-2AB7-4D8A-9574-678756329019}
		{C0F5A34C-7AFE-4BB1-9FCB-EB04ED05DCDC} = {77B2272F-8756-4943-AC19-57BE69DD9D4C}
		{F96C201B-6AA4-4A33-ACD6-12BC4C401410} = {DB9A0E94-1C39-4999-AEE3-36ABEA9D50D2}
		{76112DF0-C30B-4F3C-BBDB-AFF211770A45} = {E7281472-01BD-48C7-9698-A99C975194CF}
		{C4717595-FFE5-4648-929B-2F43C7BB34DB} = {E0936078-8191-46A2-A1C3-2C86A3905060}
		{55653CA6-9416-48BC-864D-868D3998B3CC} = {FD63E243-B628-4809-AF99-9D83189A163D}
		{EF2FC2A8-29AE-49BC-ADB2-EC4EBEDA8F23} = {20C4BBC3-FDCB-489D-B71B-CF11D66C19C9}
		{023FCB72-458C-42BA-AD37-D6306313E2C8} = {B7486C6E-9A38-4EE7-A0B8-C6561B181C90}
		{370BD9E7-071A-4F1F-B45C-B59716BC494D} = {A1AE89C7-EF19-4374-BB5E-8B6DFE90B71B}
		{A1AE89C7-EF19-4374-BB5E-8B6DFE90B71B} = {EC621FD5-DDC5-4810-850C-D2FF226CF967}
		{258813D3-58F2-4246-AC98-709034D81E64} = {A1AE89C7-EF19-4374-BB5E-8B6DFE90B71B}
	EndGlobalSection
	GlobalSection(ExtensibilityGlobals) = postSolution
		SolutionGuid = {08A99856-D8D3-4621-BFBD-A50CBCE47C03}
	EndGlobalSection
EndGlobal
