
Microsoft Visual Studio Solution File, Format Version 12.00
# Visual Studio 15
VisualStudioVersion = 15.0.28307.645
MinimumVisualStudioVersion = 10.0.40219.1
Project("{2150E333-8FDC-42A3-9474-1A3956D46DE8}") = "Swagger", "Swagger", "{E8463D62-E472-416B-A3A2-9056E9ED1D6B}"
EndProject
Project("{9A19103F-16F7-4668-BE54-9A1E7A4F7556}") = "SwaggerDemo", "SwaggerDemo\SwaggerDemo.csproj", "{4DD98B93-BCA8-4246-BA7B-C8AA191DBC08}"
EndProject
Project("{2150E333-8FDC-42A3-9474-1A3956D46DE8}") = "Configuration", "Configuration", "{A402566E-E75C-4C54-99FF-E8D044CF012E}"
EndProject
Project("{FAE04EC0-301F-11D3-BF4B-00C04F79EFBC}") = "ConfigDemo", "ConfigDemo\ConfigDemo.csproj", "{FBEAB63D-49DA-4BA1-8FD1-2A3A11835390}"
EndProject
Global
	GlobalSection(SolutionConfigurationPlatforms) = preSolution
		Debug|Any CPU = Debug|Any CPU
		Release|Any CPU = Release|Any CPU
	EndGlobalSection
	GlobalSection(ProjectConfigurationPlatforms) = postSolution
		{4DD98B93-BCA8-4246-BA7B-C8AA191DBC08}.Debug|Any CPU.ActiveCfg = Debug|Any CPU
		{4DD98B93-BCA8-4246-BA7B-C8AA191DBC08}.Debug|Any CPU.Build.0 = Debug|Any CPU
		{4DD98B93-BCA8-4246-BA7B-C8AA191DBC08}.Release|Any CPU.ActiveCfg = Release|Any CPU
		{4DD98B93-BCA8-4246-BA7B-C8AA191DBC08}.Release|Any CPU.Build.0 = Release|Any CPU
		{FBEAB63D-49DA-4BA1-8FD1-2A3A11835390}.Debug|Any CPU.ActiveCfg = Debug|Any CPU
		{FBEAB63D-49DA-4BA1-8FD1-2A3A11835390}.Debug|Any CPU.Build.0 = Debug|Any CPU
		{FBEAB63D-49DA-4BA1-8FD1-2A3A11835390}.Release|Any CPU.ActiveCfg = Release|Any CPU
		{FBEAB63D-49DA-4BA1-8FD1-2A3A11835390}.Release|Any CPU.Build.0 = Release|Any CPU
	EndGlobalSection
	GlobalSection(SolutionProperties) = preSolution
		HideSolutionNode = FALSE
	EndGlobalSection
	GlobalSection(NestedProjects) = preSolution
		{4DD98B93-BCA8-4246-BA7B-C8AA191DBC08} = {E8463D62-E472-416B-A3A2-9056E9ED1D6B}
		{FBEAB63D-49DA-4BA1-8FD1-2A3A11835390} = {A402566E-E75C-4C54-99FF-E8D044CF012E}
	EndGlobalSection
	GlobalSection(ExtensibilityGlobals) = postSolution
		SolutionGuid = {08A99856-D8D3-4621-BFBD-A50CBCE47C03}
	EndGlobalSection
EndGlobal
